
Microsoft Visual Studio Solution File, Format Version 12.00
# Visual Studio Version 17
VisualStudioVersion = 17.14.36408.4 d17.14
MinimumVisualStudioVersion = 10.0.40219.1
Project("{FAE04EC0-301F-11D3-BF4B-00C04F79EFBC}") = "Clinic booking site", "Clinic booking site\Clinic booking site.csproj", "{6AD5E23C-73A1-4F4C-8E55-2DAF9E0CE2DE}"
EndProject
Project("{FAE04EC0-301F-11D3-BF4B-00C04F79EFBC}") = "Clinic.Domain", "Clinic.Domain\Clinic.Domain.csproj", "{3EC954EC-55AC-4236-91D5-13F5C118A0B3}"
EndProject
Project("{FAE04EC0-301F-11D3-BF4B-00C04F79EFBC}") = "Clinic.Repo", "Clinic.Repo\Clinic.Repo.csproj", "{6C966C0C-2C34-4F9F-8B14-A8679DB7A244}"
EndProject
Project("{FAE04EC0-301F-11D3-BF4B-00C04F79EFBC}") = "Clinic.Service", "Clinic.Service\Clinic.Service.csproj", "{5F4F6259-D5CA-4E27-BEF2-5E363C6E8666}"
EndProject
Project("{FAE04EC0-301F-11D3-BF4B-00C04F79EFBC}") = "Service Abstraction", "Service Abstraction\Service Abstraction.csproj", "{7C139C7F-F39B-4C05-9D02-DB4D65761B4B}"
EndProject
Global
	GlobalSection(SolutionConfigurationPlatforms) = preSolution
		Debug|Any CPU = Debug|Any CPU
		Release|Any CPU = Release|Any CPU
	EndGlobalSection
	GlobalSection(ProjectConfigurationPlatforms) = postSolution
		{6AD5E23C-73A1-4F4C-8E55-2DAF9E0CE2DE}.Debug|Any CPU.ActiveCfg = Debug|Any CPU
		{6AD5E23C-73A1-4F4C-8E55-2DAF9E0CE2DE}.Debug|Any CPU.Build.0 = Debug|Any CPU
		{6AD5E23C-73A1-4F4C-8E55-2DAF9E0CE2DE}.Release|Any CPU.ActiveCfg = Release|Any CPU
		{6AD5E23C-73A1-4F4C-8E55-2DAF9E0CE2DE}.Release|Any CPU.Build.0 = Release|Any CPU
		{3EC954EC-55AC-4236-91D5-13F5C118A0B3}.Debug|Any CPU.ActiveCfg = Debug|Any CPU
		{3EC954EC-55AC-4236-91D5-13F5C118A0B3}.Debug|Any CPU.Build.0 = Debug|Any CPU
		{3EC954EC-55AC-4236-91D5-13F5C118A0B3}.Release|Any CPU.ActiveCfg = Release|Any CPU
		{3EC954EC-55AC-4236-91D5-13F5C118A0B3}.Release|Any CPU.Build.0 = Release|Any CPU
		{6C966C0C-2C34-4F9F-8B14-A8679DB7A244}.Debug|Any CPU.ActiveCfg = Debug|Any CPU
		{6C966C0C-2C34-4F9F-8B14-A8679DB7A244}.Debug|Any CPU.Build.0 = Debug|Any CPU
		{6C966C0C-2C34-4F9F-8B14-A8679DB7A244}.Release|Any CPU.ActiveCfg = Release|Any CPU
		{6C966C0C-2C34-4F9F-8B14-A8679DB7A244}.Release|Any CPU.Build.0 = Release|Any CPU
		{5F4F6259-D5CA-4E27-BEF2-5E363C6E8666}.Debug|Any CPU.ActiveCfg = Debug|Any CPU
		{5F4F6259-D5CA-4E27-BEF2-5E363C6E8666}.Debug|Any CPU.Build.0 = Debug|Any CPU
		{5F4F6259-D5CA-4E27-BEF2-5E363C6E8666}.Release|Any CPU.ActiveCfg = Release|Any CPU
		{5F4F6259-D5CA-4E27-BEF2-5E363C6E8666}.Release|Any CPU.Build.0 = Release|Any CPU
		{7C139C7F-F39B-4C05-9D02-DB4D65761B4B}.Debug|Any CPU.ActiveCfg = Debug|Any CPU
		{7C139C7F-F39B-4C05-9D02-DB4D65761B4B}.Debug|Any CPU.Build.0 = Debug|Any CPU
		{7C139C7F-F39B-4C05-9D02-DB4D65761B4B}.Release|Any CPU.ActiveCfg = Release|Any CPU
		{7C139C7F-F39B-4C05-9D02-DB4D65761B4B}.Release|Any CPU.Build.0 = Release|Any CPU
	EndGlobalSection
	GlobalSection(SolutionProperties) = preSolution
		HideSolutionNode = FALSE
	EndGlobalSection
	GlobalSection(ExtensibilityGlobals) = postSolution
		SolutionGuid = {40F16FBF-3109-4A2E-AE30-B95BA6537C8F}
	EndGlobalSection
EndGlobal
